// !$*UTF8*$!
{
	archiveVersion = 1;
	classes = {
	};
	objectVersion = 46;
	objects = {

/* Begin PBXBuildFile section */
		4C6F9CF715DA87AB00D599B4 /* agast5_8_nms.cc in Sources */ = {isa = PBXBuildFile; fileRef = 4C6F9CE915DA87AB00D599B4 /* agast5_8_nms.cc */; };
		4C6F9CF815DA87AB00D599B4 /* agast5_8.cc in Sources */ = {isa = PBXBuildFile; fileRef = 4C6F9CEA15DA87AB00D599B4 /* agast5_8.cc */; };
		4C6F9CF915DA87AB00D599B4 /* agast7_12d_nms.cc in Sources */ = {isa = PBXBuildFile; fileRef = 4C6F9CEC15DA87AB00D599B4 /* agast7_12d_nms.cc */; };
		4C6F9CFA15DA87AB00D599B4 /* agast7_12d.cc in Sources */ = {isa = PBXBuildFile; fileRef = 4C6F9CED15DA87AB00D599B4 /* agast7_12d.cc */; };
		4C6F9CFB15DA87AB00D599B4 /* agast7_12s_nms.cc in Sources */ = {isa = PBXBuildFile; fileRef = 4C6F9CEF15DA87AB00D599B4 /* agast7_12s_nms.cc */; };
		4C6F9CFC15DA87AB00D599B4 /* agast7_12s.cc in Sources */ = {isa = PBXBuildFile; fileRef = 4C6F9CF015DA87AB00D599B4 /* agast7_12s.cc */; };
		4C6F9CFD15DA87AB00D599B4 /* oast9_16_nms.cc in Sources */ = {isa = PBXBuildFile; fileRef = 4C6F9CF315DA87AB00D599B4 /* oast9_16_nms.cc */; };
		4C6F9CFE15DA87AB00D599B4 /* oast9_16.cc in Sources */ = {isa = PBXBuildFile; fileRef = 4C6F9CF415DA87AB00D599B4 /* oast9_16.cc */; };
		4C6F9DC015DA8B0900D599B4 /* nonMaximumSuppression.cc in Sources */ = {isa = PBXBuildFile; fileRef = 4C6F9DBF15DA8B0900D599B4 /* nonMaximumSuppression.cc */; };
/* End PBXBuildFile section */

/* Begin PBXCopyFilesBuildPhase section */
		4C6F9B4E15DA69D100D599B4 /* CopyFiles */ = {
			isa = PBXCopyFilesBuildPhase;
			buildActionMask = 2147483647;
			dstPath = "include/${PRODUCT_NAME}";
			dstSubfolderSpec = 16;
			files = (
			);
			runOnlyForDeploymentPostprocessing = 0;
		};
/* End PBXCopyFilesBuildPhase section */

/* Begin PBXFileReference section */
		4C6F9B5015DA69D100D599B4 /* libAGAST.a */ = {isa = PBXFileReference; explicitFileType = archive.ar; includeInIndex = 0; path = libAGAST.a; sourceTree = BUILT_PRODUCTS_DIR; };
		4C6F9CE915DA87AB00D599B4 /* agast5_8_nms.cc */ = {isa = PBXFileReference; fileEncoding = 4; lastKnownFileType = sourcecode.cpp.cpp; name = agast5_8_nms.cc; path = ../../src/AGAST/agast5_8_nms.cc; sourceTree = "<group>"; };
		4C6F9CEA15DA87AB00D599B4 /* agast5_8.cc */ = {isa = PBXFileReference; fileEncoding = 4; lastKnownFileType = sourcecode.cpp.cpp; name = agast5_8.cc; path = ../../src/AGAST/agast5_8.cc; sourceTree = "<group>"; };
		4C6F9CEB15DA87AB00D599B4 /* agast5_8.h */ = {isa = PBXFileReference; fileEncoding = 4; lastKnownFileType = sourcecode.c.h; name = agast5_8.h; path = ../../src/AGAST/agast5_8.h; sourceTree = "<group>"; };
		4C6F9CEC15DA87AB00D599B4 /* agast7_12d_nms.cc */ = {isa = PBXFileReference; fileEncoding = 4; lastKnownFileType = sourcecode.cpp.cpp; name = agast7_12d_nms.cc; path = ../../src/AGAST/agast7_12d_nms.cc; sourceTree = "<group>"; };
		4C6F9CED15DA87AB00D599B4 /* agast7_12d.cc */ = {isa = PBXFileReference; fileEncoding = 4; lastKnownFileType = sourcecode.cpp.cpp; name = agast7_12d.cc; path = ../../src/AGAST/agast7_12d.cc; sourceTree = "<group>"; };
		4C6F9CEE15DA87AB00D599B4 /* agast7_12d.h */ = {isa = PBXFileReference; fileEncoding = 4; lastKnownFileType = sourcecode.c.h; name = agast7_12d.h; path = ../../src/AGAST/agast7_12d.h; sourceTree = "<group>"; };
		4C6F9CEF15DA87AB00D599B4 /* agast7_12s_nms.cc */ = {isa = PBXFileReference; fileEncoding = 4; lastKnownFileType = sourcecode.cpp.cpp; name = agast7_12s_nms.cc; path = ../../src/AGAST/agast7_12s_nms.cc; sourceTree = "<group>"; };
		4C6F9CF015DA87AB00D599B4 /* agast7_12s.cc */ = {isa = PBXFileReference; fileEncoding = 4; lastKnownFileType = sourcecode.cpp.cpp; name = agast7_12s.cc; path = ../../src/AGAST/agast7_12s.cc; sourceTree = "<group>"; };
		4C6F9CF115DA87AB00D599B4 /* agast7_12s.h */ = {isa = PBXFileReference; fileEncoding = 4; lastKnownFileType = sourcecode.c.h; name = agast7_12s.h; path = ../../src/AGAST/agast7_12s.h; sourceTree = "<group>"; };
		4C6F9CF215DA87AB00D599B4 /* AstDetector.h */ = {isa = PBXFileReference; fileEncoding = 4; lastKnownFileType = sourcecode.c.h; name = AstDetector.h; path = ../../src/AGAST/AstDetector.h; sourceTree = "<group>"; };
		4C6F9CF315DA87AB00D599B4 /* oast9_16_nms.cc */ = {isa = PBXFileReference; fileEncoding = 4; lastKnownFileType = sourcecode.cpp.cpp; name = oast9_16_nms.cc; path = ../../src/AGAST/oast9_16_nms.cc; sourceTree = "<group>"; };
		4C6F9CF415DA87AB00D599B4 /* oast9_16.cc */ = {isa = PBXFileReference; fileEncoding = 4; lastKnownFileType = sourcecode.cpp.cpp; name = oast9_16.cc; path = ../../src/AGAST/oast9_16.cc; sourceTree = "<group>"; };
		4C6F9CF515DA87AB00D599B4 /* oast9_16.h */ = {isa = PBXFileReference; fileEncoding = 4; lastKnownFileType = sourcecode.c.h; name = oast9_16.h; path = ../../src/AGAST/oast9_16.h; sourceTree = "<group>"; };
		4C6F9CF615DA87AB00D599B4 /* Point.h */ = {isa = PBXFileReference; fileEncoding = 4; lastKnownFileType = sourcecode.c.h; name = Point.h; path = ../../src/AGAST/Point.h; sourceTree = "<group>"; };
		4C6F9DBF15DA8B0900D599B4 /* nonMaximumSuppression.cc */ = {isa = PBXFileReference; fileEncoding = 4; lastKnownFileType = sourcecode.cpp.cpp; name = nonMaximumSuppression.cc; path = ../../src/AGAST/nonMaximumSuppression.cc; sourceTree = "<group>"; };
/* End PBXFileReference section */

/* Begin PBXFrameworksBuildPhase section */
		4C6F9B4D15DA69D100D599B4 /* Frameworks */ = {
			isa = PBXFrameworksBuildPhase;
			buildActionMask = 2147483647;
			files = (
			);
			runOnlyForDeploymentPostprocessing = 0;
		};
/* End PBXFrameworksBuildPhase section */

/* Begin PBXGroup section */
		4C6F9B4515DA69D100D599B4 = {
			isa = PBXGroup;
			children = (
				4C6F9CE815DA879000D599B4 /* src */,
				4C6F9B5115DA69D100D599B4 /* Products */,
			);
			sourceTree = "<group>";
		};
		4C6F9B5115DA69D100D599B4 /* Products */ = {
			isa = PBXGroup;
			children = (
				4C6F9B5015DA69D100D599B4 /* libAGAST.a */,
			);
			name = Products;
			sourceTree = "<group>";
		};
		4C6F9CE815DA879000D599B4 /* src */ = {
			isa = PBXGroup;
			children = (
				4C6F9CE915DA87AB00D599B4 /* agast5_8_nms.cc */,
				4C6F9CEA15DA87AB00D599B4 /* agast5_8.cc */,
				4C6F9CEB15DA87AB00D599B4 /* agast5_8.h */,
				4C6F9CEC15DA87AB00D599B4 /* agast7_12d_nms.cc */,
				4C6F9CED15DA87AB00D599B4 /* agast7_12d.cc */,
				4C6F9CEE15DA87AB00D599B4 /* agast7_12d.h */,
				4C6F9CEF15DA87AB00D599B4 /* agast7_12s_nms.cc */,
				4C6F9CF015DA87AB00D599B4 /* agast7_12s.cc */,
				4C6F9CF115DA87AB00D599B4 /* agast7_12s.h */,
				4C6F9CF215DA87AB00D599B4 /* AstDetector.h */,
				4C6F9DBF15DA8B0900D599B4 /* nonMaximumSuppression.cc */,
				4C6F9CF315DA87AB00D599B4 /* oast9_16_nms.cc */,
				4C6F9CF415DA87AB00D599B4 /* oast9_16.cc */,
				4C6F9CF515DA87AB00D599B4 /* oast9_16.h */,
				4C6F9CF615DA87AB00D599B4 /* Point.h */,
			);
			name = src;
			sourceTree = "<group>";
		};
/* End PBXGroup section */

/* Begin PBXNativeTarget section */
		4C6F9B4F15DA69D100D599B4 /* AGAST */ = {
			isa = PBXNativeTarget;
			buildConfigurationList = 4C6F9B5E15DA69D100D599B4 /* Build configuration list for PBXNativeTarget "AGAST" */;
			buildPhases = (
				4C6F9B4C15DA69D100D599B4 /* Sources */,
				4C6F9B4D15DA69D100D599B4 /* Frameworks */,
				4C6F9B4E15DA69D100D599B4 /* CopyFiles */,
			);
			buildRules = (
			);
			dependencies = (
			);
			name = AGAST;
			productName = AGAST;
			productReference = 4C6F9B5015DA69D100D599B4 /* libAGAST.a */;
			productType = "com.apple.product-type.library.static";
		};
/* End PBXNativeTarget section */

/* Begin PBXProject section */
		4C6F9B4715DA69D100D599B4 /* Project object */ = {
			isa = PBXProject;
			attributes = {
				LastUpgradeCheck = 0440;
				ORGANIZATIONNAME = Layar;
			};
			buildConfigurationList = 4C6F9B4A15DA69D100D599B4 /* Build configuration list for PBXProject "AGAST" */;
			compatibilityVersion = "Xcode 3.2";
			developmentRegion = English;
			hasScannedForEncodings = 0;
			knownRegions = (
				en,
			);
			mainGroup = 4C6F9B4515DA69D100D599B4;
			productRefGroup = 4C6F9B5115DA69D100D599B4 /* Products */;
			projectDirPath = "";
			projectRoot = "";
			targets = (
				4C6F9B4F15DA69D100D599B4 /* AGAST */,
			);
		};
/* End PBXProject section */

/* Begin PBXSourcesBuildPhase section */
		4C6F9B4C15DA69D100D599B4 /* Sources */ = {
			isa = PBXSourcesBuildPhase;
			buildActionMask = 2147483647;
			files = (
				4C6F9CF715DA87AB00D599B4 /* agast5_8_nms.cc in Sources */,
				4C6F9CF815DA87AB00D599B4 /* agast5_8.cc in Sources */,
				4C6F9CF915DA87AB00D599B4 /* agast7_12d_nms.cc in Sources */,
				4C6F9CFA15DA87AB00D599B4 /* agast7_12d.cc in Sources */,
				4C6F9CFB15DA87AB00D599B4 /* agast7_12s_nms.cc in Sources */,
				4C6F9CFC15DA87AB00D599B4 /* agast7_12s.cc in Sources */,
				4C6F9CFD15DA87AB00D599B4 /* oast9_16_nms.cc in Sources */,
				4C6F9CFE15DA87AB00D599B4 /* oast9_16.cc in Sources */,
				4C6F9DC015DA8B0900D599B4 /* nonMaximumSuppression.cc in Sources */,
			);
			runOnlyForDeploymentPostprocessing = 0;
		};
/* End PBXSourcesBuildPhase section */

/* Begin XCBuildConfiguration section */
		2DF11DA41B0CBA29001CFAA2 /* AdHoc */ = {
			isa = XCBuildConfiguration;
			buildSettings = {
				ARCHS = "$(ARCHS_STANDARD_INCLUDING_64_BIT)";
				CLANG_CXX_LANGUAGE_STANDARD = "gnu++0x";
				CLANG_CXX_LIBRARY = "libc++";
				CLANG_WARN__DUPLICATE_METHOD_MATCH = YES;
				COPY_PHASE_STRIP = YES;
				GCC_C_LANGUAGE_STANDARD = gnu99;
				GCC_PREPROCESSOR_DEFINITIONS = DISTRIBUTION;
				GCC_WARN_64_TO_32_BIT_CONVERSION = NO;
				GCC_WARN_ABOUT_RETURN_TYPE = YES;
				GCC_WARN_UNINITIALIZED_AUTOS = YES;
				GCC_WARN_UNUSED_VARIABLE = YES;
				HEADER_SEARCH_PATHS = "\"../src/AGAST\"";
				IPHONEOS_DEPLOYMENT_TARGET = 7.0;
				MACH_O_TYPE = staticlib;
				ONLY_ACTIVE_ARCH = NO;
				SDKROOT = iphoneos;
				WARNING_CFLAGS = (
					"-Wno-deprecated-register",
					"-Wno-conversion",
				);
			};
			name = AdHoc;
		};
		2DF11DA51B0CBA29001CFAA2 /* AdHoc */ = {
			isa = XCBuildConfiguration;
			buildSettings = {
				DSTROOT = /tmp/AGAST.dst;
				GCC_SYMBOLS_PRIVATE_EXTERN = YES;
				PRODUCT_NAME = "$(TARGET_NAME)";
				PUBLIC_HEADERS_FOLDER_PATH = "include/${TARGET_NAME}";
				SKIP_INSTALL = YES;
			};
			name = AdHoc;
		};
		4C6F9B5C15DA69D100D599B4 /* Debug */ = {
			isa = XCBuildConfiguration;
			buildSettings = {
				ARCHS = "$(ARCHS_STANDARD_INCLUDING_64_BIT)";
				CLANG_CXX_LANGUAGE_STANDARD = "gnu++0x";
				CLANG_CXX_LIBRARY = "libc++";
				CLANG_WARN__DUPLICATE_METHOD_MATCH = YES;
				COPY_PHASE_STRIP = NO;
				GCC_C_LANGUAGE_STANDARD = gnu99;
				GCC_OPTIMIZATION_LEVEL = 0;
				GCC_PREPROCESSOR_DEFINITIONS = DEBUG;
				GCC_WARN_64_TO_32_BIT_CONVERSION = NO;
				GCC_WARN_ABOUT_RETURN_TYPE = YES;
				GCC_WARN_UNINITIALIZED_AUTOS = YES;
				GCC_WARN_UNUSED_VARIABLE = YES;
				HEADER_SEARCH_PATHS = "\"../src/AGAST\"";
				IPHONEOS_DEPLOYMENT_TARGET = 7.0;
				MACH_O_TYPE = staticlib;
				ONLY_ACTIVE_ARCH = YES;
				SDKROOT = iphoneos;
				WARNING_CFLAGS = (
					"-Wno-deprecated-register",
					"-Wno-conversion",
				);
			};
			name = Debug;
		};
		4C6F9B5D15DA69D100D599B4 /* Release */ = {
			isa = XCBuildConfiguration;
			buildSettings = {
				ARCHS = "$(ARCHS_STANDARD_INCLUDING_64_BIT)";
				CLANG_CXX_LANGUAGE_STANDARD = "gnu++0x";
				CLANG_CXX_LIBRARY = "libc++";
				CLANG_WARN__DUPLICATE_METHOD_MATCH = YES;
				COPY_PHASE_STRIP = YES;
				GCC_C_LANGUAGE_STANDARD = gnu99;
				GCC_WARN_64_TO_32_BIT_CONVERSION = NO;
				GCC_WARN_ABOUT_RETURN_TYPE = YES;
				GCC_WARN_UNINITIALIZED_AUTOS = YES;
				GCC_WARN_UNUSED_VARIABLE = YES;
				HEADER_SEARCH_PATHS = "\"../src/AGAST\"";
				IPHONEOS_DEPLOYMENT_TARGET = 7.0;
				MACH_O_TYPE = staticlib;
				ONLY_ACTIVE_ARCH = NO;
				SDKROOT = iphoneos;
				WARNING_CFLAGS = (
					"-Wno-deprecated-register",
					"-Wno-conversion",
				);
			};
			name = Release;
		};
		4C6F9B5F15DA69D100D599B4 /* Debug */ = {
			isa = XCBuildConfiguration;
			buildSettings = {
				DSTROOT = /tmp/AGAST.dst;
				GCC_SYMBOLS_PRIVATE_EXTERN = YES;
				PRODUCT_NAME = "$(TARGET_NAME)";
				PUBLIC_HEADERS_FOLDER_PATH = "include/${TARGET_NAME}";
				SKIP_INSTALL = YES;
			};
			name = Debug;
		};
		4C6F9B6015DA69D100D599B4 /* Release */ = {
			isa = XCBuildConfiguration;
			buildSettings = {
				DSTROOT = /tmp/AGAST.dst;
				GCC_SYMBOLS_PRIVATE_EXTERN = YES;
				PRODUCT_NAME = "$(TARGET_NAME)";
				PUBLIC_HEADERS_FOLDER_PATH = "include/${TARGET_NAME}";
				SKIP_INSTALL = YES;
			};
			name = Release;
		};
		9B99A33F16108B5C00C612A4 /* Distribution */ = {
			isa = XCBuildConfiguration;
			buildSettings = {
				ARCHS = "$(ARCHS_STANDARD_INCLUDING_64_BIT)";
				CLANG_CXX_LANGUAGE_STANDARD = "gnu++0x";
				CLANG_CXX_LIBRARY = "libc++";
				CLANG_WARN__DUPLICATE_METHOD_MATCH = YES;
				COPY_PHASE_STRIP = YES;
				GCC_C_LANGUAGE_STANDARD = gnu99;
				GCC_PREPROCESSOR_DEFINITIONS = DISTRIBUTION;
				GCC_WARN_64_TO_32_BIT_CONVERSION = NO;
				GCC_WARN_ABOUT_RETURN_TYPE = YES;
				GCC_WARN_UNINITIALIZED_AUTOS = YES;
				GCC_WARN_UNUSED_VARIABLE = YES;
				HEADER_SEARCH_PATHS = "\"../src/AGAST\"";
				IPHONEOS_DEPLOYMENT_TARGET = 7.0;
				MACH_O_TYPE = staticlib;
				ONLY_ACTIVE_ARCH = NO;
				SDKROOT = iphoneos;
				WARNING_CFLAGS = (
					"-Wno-deprecated-register",
					"-Wno-conversion",
				);
			};
			name = Distribution;
		};
		9B99A34016108B5C00C612A4 /* Distribution */ = {
			isa = XCBuildConfiguration;
			buildSettings = {
				DSTROOT = /tmp/AGAST.dst;
				GCC_SYMBOLS_PRIVATE_EXTERN = YES;
				PRODUCT_NAME = "$(TARGET_NAME)";
				PUBLIC_HEADERS_FOLDER_PATH = "include/${TARGET_NAME}";
				SKIP_INSTALL = YES;
			};
			name = Distribution;
		};
/* End XCBuildConfiguration section */

/* Begin XCConfigurationList section */
		4C6F9B4A15DA69D100D599B4 /* Build configuration list for PBXProject "AGAST" */ = {
			isa = XCConfigurationList;
			buildConfigurations = (
				4C6F9B5C15DA69D100D599B4 /* Debug */,
				4C6F9B5D15DA69D100D599B4 /* Release */,
				9B99A33F16108B5C00C612A4 /* Distribution */,
				2DF11DA41B0CBA29001CFAA2 /* AdHoc */,
			);
			defaultConfigurationIsVisible = 0;
			defaultConfigurationName = Release;
		};
		4C6F9B5E15DA69D100D599B4 /* Build configuration list for PBXNativeTarget "AGAST" */ = {
			isa = XCConfigurationList;
			buildConfigurations = (
				4C6F9B5F15DA69D100D599B4 /* Debug */,
				4C6F9B6015DA69D100D599B4 /* Release */,
				9B99A34016108B5C00C612A4 /* Distribution */,
				2DF11DA51B0CBA29001CFAA2 /* AdHoc */,
			);
			defaultConfigurationIsVisible = 0;
			defaultConfigurationName = Release;
		};
/* End XCConfigurationList section */
	};
	rootObject = 4C6F9B4715DA69D100D599B4 /* Project object */;
}
