// !$*UTF8*$!
{
	archiveVersion = 1;
	classes = {
	};
	objectVersion = 46;
	objects = {

/* Begin PBXBuildFile section */
		2D5CFD581B95CF2D00303A20 /* libFreetype2.a in Frameworks */ = {isa = PBXBuildFile; fileRef = 2D5CFD441B95CF1000303A20 /* libFreetype2.a */; };
		2D60DB3B1B861EDF001C431F /* External.m in Sources */ = {isa = PBXBuildFile; fileRef = 2D60DB3A1B861EDF001C431F /* External.m */; };
		2D60DB9A1B862344001C431F /* External.m in Sources */ = {isa = PBXBuildFile; fileRef = 2D60DB3A1B861EDF001C431F /* External.m */; };
		2D60DB9B1B862350001C431F /* libAGAST.a in Frameworks */ = {isa = PBXBuildFile; fileRef = 2D60DB5C1B861F07001C431F /* libAGAST.a */; };
		2D60DB9C1B862350001C431F /* libFAST.a in Frameworks */ = {isa = PBXBuildFile; fileRef = 2D60DB5F1B861F07001C431F /* libFAST.a */; };
		2D60DB9D1B862350001C431F /* libgiflib.a in Frameworks */ = {isa = PBXBuildFile; fileRef = 2D60DB621B861F07001C431F /* libgiflib.a */; };
		2D60DB9E1B862350001C431F /* libjpeg.a in Frameworks */ = {isa = PBXBuildFile; fileRef = 2D60DB651B861F07001C431F /* libjpeg.a */; };
		2D60DB9F1B862357001C431F /* libpng.a in Frameworks */ = {isa = PBXBuildFile; fileRef = 2D60DB741B861F07001C431F /* libpng.a */; };
		2D60DBA01B86235E001C431F /* libzxing.a in Frameworks */ = {isa = PBXBuildFile; fileRef = 2D60DB771B861F07001C431F /* libzxing.a */; };
		2D60DBA71B862384001C431F /* libModPlug.a in Frameworks */ = {isa = PBXBuildFile; fileRef = 2D60DB681B861F07001C431F /* libModPlug.a */; };
		2D60DBA81B862384001C431F /* libOGG.a in Frameworks */ = {isa = PBXBuildFile; fileRef = 2D60DB6B1B861F07001C431F /* libOGG.a */; };
		2D60DCFE1B8DC7D8001C431F /* libVorbis.a in Frameworks */ = {isa = PBXBuildFile; fileRef = 2D60DB711B861F07001C431F /* libVorbis.a */; };
		2DE350471BD6482200FF178A /* libzxing.a in Frameworks */ = {isa = PBXBuildFile; fileRef = 2D60DB771B861F07001C431F /* libzxing.a */; };
		2DE350781BD6934F00FF178A /* libjpeg.a in Frameworks */ = {isa = PBXBuildFile; fileRef = 2D60DB651B861F07001C431F /* libjpeg.a */; };
		2DF399B91BC69E240086A34D /* libid3v2lib.a in Frameworks */ = {isa = PBXBuildFile; fileRef = 2DF399A51BC69C890086A34D /* libid3v2lib.a */; };
/* End PBXBuildFile section */

/* Begin PBXContainerItemProxy section */
		2D05E0671C7363A2007710F9 /* PBXContainerItemProxy */ = {
			isa = PBXContainerItemProxy;
			containerPortal = 2D05E0511C7363A1007710F9 /* libaac.xcodeproj */;
			proxyType = 2;
			remoteGlobalIDString = 2D05E0301C735F84007710F9;
			remoteInfo = libaac;
		};
		2D05E06E1C7363A2007710F9 /* PBXContainerItemProxy */ = {
			isa = PBXContainerItemProxy;
			containerPortal = 2D05E0571C7363A1007710F9 /* libMp4v2.xcodeproj */;
			proxyType = 2;
			remoteGlobalIDString = 2D05DFDC1C735ED9007710F9;
			remoteInfo = libMp4v2;
		};
		2D05E0711C7363A2007710F9 /* PBXContainerItemProxy */ = {
			isa = PBXContainerItemProxy;
			containerPortal = 2D05E05A1C7363A1007710F9 /* libOpenH264.xcodeproj */;
			proxyType = 2;
			remoteGlobalIDString = 2D05DFF11C735EFE007710F9;
			remoteInfo = libOpenH264;
		};
		2D05E0741C7363A2007710F9 /* PBXContainerItemProxy */ = {
			isa = PBXContainerItemProxy;
			containerPortal = 2D05E05D1C7363A1007710F9 /* libTheora.xcodeproj */;
			proxyType = 2;
			remoteGlobalIDString = 2D05DFC71C735EA6007710F9;
			remoteInfo = libTheora;
		};
		2D05E0781C7363A2007710F9 /* PBXContainerItemProxy */ = {
			isa = PBXContainerItemProxy;
			containerPortal = 2D05E0601C7363A1007710F9 /* libvpx.xcodeproj */;
			proxyType = 2;
			remoteGlobalIDString = 2D05E0451C735F9C007710F9;
			remoteInfo = libvpx;
		};
		2D05E07B1C7363A2007710F9 /* PBXContainerItemProxy */ = {
			isa = PBXContainerItemProxy;
			containerPortal = 2D05E0631C7363A1007710F9 /* nestegg.xcodeproj */;
			proxyType = 2;
			remoteGlobalIDString = 2D05DF9D1C735E4D007710F9;
			remoteInfo = nestegg;
		};
		2D581AC21C7B4B3200DD46CB /* PBXContainerItemProxy */ = {
			isa = PBXContainerItemProxy;
			containerPortal = 2D05E0541C7363A1007710F9 /* libcurl.xcodeproj */;
			proxyType = 1;
			remoteGlobalIDString = 2D581AA41C778DF700DD46CB;
			remoteInfo = libcurl;
		};
		2D5CFD431B95CF1000303A20 /* PBXContainerItemProxy */ = {
			isa = PBXContainerItemProxy;
			containerPortal = 2D5CFD3F1B95CF1000303A20 /* freetype2.xcodeproj */;
			proxyType = 2;
			remoteGlobalIDString = 6382B1B10FB0FC5100ECAC02;
			remoteInfo = Freetype2;
		};
		2D5CFD541B95CF2300303A20 /* PBXContainerItemProxy */ = {
			isa = PBXContainerItemProxy;
			containerPortal = 2D5CFD3F1B95CF1000303A20 /* freetype2.xcodeproj */;
			proxyType = 1;
			remoteGlobalIDString = 6382B1B00FB0FC5100ECAC02;
			remoteInfo = Freetype2;
		};
		2D60DB5B1B861F07001C431F /* PBXContainerItemProxy */ = {
			isa = PBXContainerItemProxy;
			containerPortal = 2D60DB3C1B861F07001C431F /* AGAST.xcodeproj */;
			proxyType = 2;
			remoteGlobalIDString = 4C6F9B5015DA69D100D599B4;
			remoteInfo = AGAST;
		};
		2D60DB5E1B861F07001C431F /* PBXContainerItemProxy */ = {
			isa = PBXContainerItemProxy;
			containerPortal = 2D60DB3F1B861F07001C431F /* FAST.xcodeproj */;
			proxyType = 2;
			remoteGlobalIDString = 4C6F9B3415DA69AB00D599B4;
			remoteInfo = FAST;
		};
		2D60DB611B861F07001C431F /* PBXContainerItemProxy */ = {
			isa = PBXContainerItemProxy;
			containerPortal = 2D60DB421B861F07001C431F /* giflib.xcodeproj */;
			proxyType = 2;
			remoteGlobalIDString = 4C6F9B0F15DA696800D599B4;
			remoteInfo = giflib;
		};
		2D60DB641B861F07001C431F /* PBXContainerItemProxy */ = {
			isa = PBXContainerItemProxy;
			containerPortal = 2D60DB451B861F07001C431F /* jpeg.xcodeproj */;
			proxyType = 2;
			remoteGlobalIDString = 4C6F9AC715DA68AE00D599B4;
			remoteInfo = jpeg;
		};
		2D60DB671B861F07001C431F /* PBXContainerItemProxy */ = {
			isa = PBXContainerItemProxy;
			containerPortal = 2D60DB481B861F07001C431F /* libModPlug.xcodeproj */;
			proxyType = 2;
			remoteGlobalIDString = 2D0B4CFE1B690301000C42F3;
			remoteInfo = ModPlug;
		};
		2D60DB6A1B861F07001C431F /* PBXContainerItemProxy */ = {
			isa = PBXContainerItemProxy;
			containerPortal = 2D60DB4B1B861F07001C431F /* libogg.xcodeproj */;
			proxyType = 2;
			remoteGlobalIDString = 2D0B4DE41B690EB0000C42F3;
			remoteInfo = OGG;
		};
		2D60DB6D1B861F07001C431F /* PBXContainerItemProxy */ = {
			isa = PBXContainerItemProxy;
			containerPortal = 2D60DB511B861F07001C431F /* libTremelo.xcodeproj */;
			proxyType = 2;
			remoteGlobalIDString = 2D0B4F6A1B6918C3000C42F3;
			remoteInfo = Tremelo;
		};
		2D60DB701B861F07001C431F /* PBXContainerItemProxy */ = {
			isa = PBXContainerItemProxy;
			containerPortal = 2D60DB541B861F07001C431F /* libVorbis.xcodeproj */;
			proxyType = 2;
			remoteGlobalIDString = 2D3710391B692F7D0009B3E5;
			remoteInfo = Vorbis;
		};
		2D60DB731B861F07001C431F /* PBXContainerItemProxy */ = {
			isa = PBXContainerItemProxy;
			containerPortal = 2D60DB4E1B861F07001C431F /* png.xcodeproj */;
			proxyType = 2;
			remoteGlobalIDString = 4C6F9AE615DA691000D599B4;
			remoteInfo = png;
		};
		2D60DB761B861F07001C431F /* PBXContainerItemProxy */ = {
			isa = PBXContainerItemProxy;
			containerPortal = 2D60DB571B861F07001C431F /* zxing.xcodeproj */;
			proxyType = 2;
			remoteGlobalIDString = D2AAC07E0554694100DB518D;
			remoteInfo = zxing;
		};
		2D60DB781B861F47001C431F /* PBXContainerItemProxy */ = {
			isa = PBXContainerItemProxy;
			containerPortal = 2D60DB3C1B861F07001C431F /* AGAST.xcodeproj */;
			proxyType = 1;
			remoteGlobalIDString = 4C6F9B4F15DA69D100D599B4;
			remoteInfo = AGAST;
		};
		2D60DB7A1B861F47001C431F /* PBXContainerItemProxy */ = {
			isa = PBXContainerItemProxy;
			containerPortal = 2D60DB3F1B861F07001C431F /* FAST.xcodeproj */;
			proxyType = 1;
			remoteGlobalIDString = 4C6F9B3315DA69AB00D599B4;
			remoteInfo = FAST;
		};
		2D60DB7C1B861F47001C431F /* PBXContainerItemProxy */ = {
			isa = PBXContainerItemProxy;
			containerPortal = 2D60DB421B861F07001C431F /* giflib.xcodeproj */;
			proxyType = 1;
			remoteGlobalIDString = 4C6F9B0E15DA696700D599B4;
			remoteInfo = giflib;
		};
		2D60DB7E1B861F47001C431F /* PBXContainerItemProxy */ = {
			isa = PBXContainerItemProxy;
			containerPortal = 2D60DB451B861F07001C431F /* jpeg.xcodeproj */;
			proxyType = 1;
			remoteGlobalIDString = 4C6F9AC615DA68AE00D599B4;
			remoteInfo = jpeg;
		};
		2D60DB801B861F47001C431F /* PBXContainerItemProxy */ = {
			isa = PBXContainerItemProxy;
			containerPortal = 2D60DB4E1B861F07001C431F /* png.xcodeproj */;
			proxyType = 1;
			remoteGlobalIDString = 4C6F9AE515DA691000D599B4;
			remoteInfo = png;
		};
		2D60DB821B861F47001C431F /* PBXContainerItemProxy */ = {
			isa = PBXContainerItemProxy;
			containerPortal = 2D60DB571B861F07001C431F /* zxing.xcodeproj */;
			proxyType = 1;
			remoteGlobalIDString = D2AAC07D0554694100DB518D;
			remoteInfo = zxing;
		};
		2D60DBA11B86236F001C431F /* PBXContainerItemProxy */ = {
			isa = PBXContainerItemProxy;
			containerPortal = 2D60DB481B861F07001C431F /* libModPlug.xcodeproj */;
			proxyType = 1;
			remoteGlobalIDString = 2D0B4CFD1B690301000C42F3;
			remoteInfo = ModPlug;
		};
		2D60DBA31B86236F001C431F /* PBXContainerItemProxy */ = {
			isa = PBXContainerItemProxy;
			containerPortal = 2D60DB4B1B861F07001C431F /* libogg.xcodeproj */;
			proxyType = 1;
			remoteGlobalIDString = 2D0B4DE31B690EB0000C42F3;
			remoteInfo = OGG;
		};
		2D60DCFC1B8DC7C0001C431F /* PBXContainerItemProxy */ = {
			isa = PBXContainerItemProxy;
			containerPortal = 2D60DB541B861F07001C431F /* libVorbis.xcodeproj */;
			proxyType = 1;
			remoteGlobalIDString = 2D3710381B692F7D0009B3E5;
			remoteInfo = Vorbis;
		};
		2DE350491BD6482A00FF178A /* PBXContainerItemProxy */ = {
			isa = PBXContainerItemProxy;
			containerPortal = 2D60DB571B861F07001C431F /* zxing.xcodeproj */;
			proxyType = 1;
			remoteGlobalIDString = D2AAC07D0554694100DB518D;
			remoteInfo = zxing;
		};
		2DE350761BD6934300FF178A /* PBXContainerItemProxy */ = {
			isa = PBXContainerItemProxy;
			containerPortal = 2D60DB451B861F07001C431F /* jpeg.xcodeproj */;
			proxyType = 1;
			remoteGlobalIDString = 4C6F9AC615DA68AE00D599B4;
			remoteInfo = jpeg;
		};
		2DF399A41BC69C890086A34D /* PBXContainerItemProxy */ = {
			isa = PBXContainerItemProxy;
			containerPortal = 2DF399A01BC69C890086A34D /* id3v2lib.xcodeproj */;
			proxyType = 2;
			remoteGlobalIDString = 2DF399941BC69C670086A34D;
			remoteInfo = id3v2lib;
		};
		2DF399B71BC69CEC0086A34D /* PBXContainerItemProxy */ = {
			isa = PBXContainerItemProxy;
			containerPortal = 2DF399A01BC69C890086A34D /* id3v2lib.xcodeproj */;
			proxyType = 1;
			remoteGlobalIDString = 2DF399931BC69C670086A34D;
			remoteInfo = id3v2lib;
		};
/* End PBXContainerItemProxy section */

/* Begin PBXCopyFilesBuildPhase section */
		2D0900291B6A6DEB00E89463 /* CopyFiles */ = {
			isa = PBXCopyFilesBuildPhase;
			buildActionMask = 2147483647;
			dstPath = "include/$(PRODUCT_NAME)";
			dstSubfolderSpec = 16;
			files = (
			);
			runOnlyForDeploymentPostprocessing = 0;
		};
		2D09FFEF1B6A6D1100E89463 /* CopyFiles */ = {
			isa = PBXCopyFilesBuildPhase;
			buildActionMask = 2147483647;
			dstPath = "include/$(PRODUCT_NAME)";
			dstSubfolderSpec = 16;
			files = (
			);
			runOnlyForDeploymentPostprocessing = 0;
		};
/* End PBXCopyFilesBuildPhase section */

/* Begin PBXFileReference section */
		2D05E0511C7363A1007710F9 /* libaac.xcodeproj */ = {isa = PBXFileReference; lastKnownFileType = "wrapper.pb-project"; name = libaac.xcodeproj; path = ios/libaac/libaac.xcodeproj; sourceTree = SOURCE_ROOT; };
		2D05E0541C7363A1007710F9 /* libcurl.xcodeproj */ = {isa = PBXFileReference; lastKnownFileType = "wrapper.pb-project"; name = libcurl.xcodeproj; path = ios/libcurl/libcurl.xcodeproj; sourceTree = SOURCE_ROOT; };
		2D05E0571C7363A1007710F9 /* libMp4v2.xcodeproj */ = {isa = PBXFileReference; lastKnownFileType = "wrapper.pb-project"; name = libMp4v2.xcodeproj; path = ios/libMp4v2/libMp4v2.xcodeproj; sourceTree = SOURCE_ROOT; };
		2D05E05A1C7363A1007710F9 /* libOpenH264.xcodeproj */ = {isa = PBXFileReference; lastKnownFileType = "wrapper.pb-project"; name = libOpenH264.xcodeproj; path = ios/libOpenH264/libOpenH264.xcodeproj; sourceTree = SOURCE_ROOT; };
		2D05E05D1C7363A1007710F9 /* libTheora.xcodeproj */ = {isa = PBXFileReference; lastKnownFileType = "wrapper.pb-project"; name = libTheora.xcodeproj; path = ios/libTheora/libTheora.xcodeproj; sourceTree = SOURCE_ROOT; };
		2D05E0601C7363A1007710F9 /* libvpx.xcodeproj */ = {isa = PBXFileReference; lastKnownFileType = "wrapper.pb-project"; name = libvpx.xcodeproj; path = ios/libvpx/libvpx.xcodeproj; sourceTree = SOURCE_ROOT; };
		2D05E0631C7363A1007710F9 /* nestegg.xcodeproj */ = {isa = PBXFileReference; lastKnownFileType = "wrapper.pb-project"; name = nestegg.xcodeproj; path = ios/nestegg/nestegg.xcodeproj; sourceTree = SOURCE_ROOT; };
		2D0900021B6A6D1100E89463 /* Info.plist */ = {isa = PBXFileReference; lastKnownFileType = text.plist.xml; path = Info.plist; sourceTree = "<group>"; };
		2D09002E1B6A6DEB00E89463 /* libexternal-layar.a */ = {isa = PBXFileReference; explicitFileType = archive.ar; includeInIndex = 0; path = "libexternal-layar.a"; sourceTree = BUILT_PRODUCTS_DIR; };
		2D09FFF11B6A6D1100E89463 /* libexternal-blippar.a */ = {isa = PBXFileReference; explicitFileType = archive.ar; includeInIndex = 0; path = "libexternal-blippar.a"; sourceTree = BUILT_PRODUCTS_DIR; };
		2D5CFD3F1B95CF1000303A20 /* freetype2.xcodeproj */ = {isa = PBXFileReference; lastKnownFileType = "wrapper.pb-project"; name = freetype2.xcodeproj; path = ios/freetype/freetype2.xcodeproj; sourceTree = SOURCE_ROOT; };
		2D60DB391B861EDF001C431F /* External.h */ = {isa = PBXFileReference; fileEncoding = 4; lastKnownFileType = sourcecode.c.h; name = External.h; path = ios/External/External.h; sourceTree = "<group>"; };
		2D60DB3A1B861EDF001C431F /* External.m */ = {isa = PBXFileReference; fileEncoding = 4; lastKnownFileType = sourcecode.c.objc; name = External.m; path = ios/External/External.m; sourceTree = "<group>"; };
		2D60DB3C1B861F07001C431F /* AGAST.xcodeproj */ = {isa = PBXFileReference; lastKnownFileType = "wrapper.pb-project"; name = AGAST.xcodeproj; path = ios/AGAST/AGAST.xcodeproj; sourceTree = SOURCE_ROOT; };
		2D60DB3F1B861F07001C431F /* FAST.xcodeproj */ = {isa = PBXFileReference; lastKnownFileType = "wrapper.pb-project"; name = FAST.xcodeproj; path = ios/FAST/FAST.xcodeproj; sourceTree = SOURCE_ROOT; };
		2D60DB421B861F07001C431F /* giflib.xcodeproj */ = {isa = PBXFileReference; lastKnownFileType = "wrapper.pb-project"; name = giflib.xcodeproj; path = ios/giflib/giflib.xcodeproj; sourceTree = SOURCE_ROOT; };
		2D60DB451B861F07001C431F /* jpeg.xcodeproj */ = {isa = PBXFileReference; lastKnownFileType = "wrapper.pb-project"; name = jpeg.xcodeproj; path = ios/libjpeg/jpeg.xcodeproj; sourceTree = SOURCE_ROOT; };
		2D60DB481B861F07001C431F /* libModPlug.xcodeproj */ = {isa = PBXFileReference; lastKnownFileType = "wrapper.pb-project"; name = libModPlug.xcodeproj; path = ios/libmodplug/libModPlug.xcodeproj; sourceTree = SOURCE_ROOT; };
		2D60DB4B1B861F07001C431F /* libogg.xcodeproj */ = {isa = PBXFileReference; lastKnownFileType = "wrapper.pb-project"; name = libogg.xcodeproj; path = ios/libogg/libogg.xcodeproj; sourceTree = SOURCE_ROOT; };
		2D60DB4E1B861F07001C431F /* png.xcodeproj */ = {isa = PBXFileReference; lastKnownFileType = "wrapper.pb-project"; name = png.xcodeproj; path = ios/libpng/png.xcodeproj; sourceTree = SOURCE_ROOT; };
		2D60DB511B861F07001C431F /* libTremelo.xcodeproj */ = {isa = PBXFileReference; lastKnownFileType = "wrapper.pb-project"; name = libTremelo.xcodeproj; path = ios/libTremelo/libTremelo.xcodeproj; sourceTree = SOURCE_ROOT; };
		2D60DB541B861F07001C431F /* libVorbis.xcodeproj */ = {isa = PBXFileReference; lastKnownFileType = "wrapper.pb-project"; name = libVorbis.xcodeproj; path = ios/libVorbis/libVorbis.xcodeproj; sourceTree = SOURCE_ROOT; };
		2D60DB571B861F07001C431F /* zxing.xcodeproj */ = {isa = PBXFileReference; lastKnownFileType = "wrapper.pb-project"; name = zxing.xcodeproj; path = ios/zxing/zxing.xcodeproj; sourceTree = SOURCE_ROOT; };
		2DE34F4B1BCFFA1200FF178A /* libjpeg-turbo.xcodeproj */ = {isa = PBXFileReference; lastKnownFileType = "wrapper.pb-project"; name = "libjpeg-turbo.xcodeproj"; path = "ios/libjpeg-turbo/libjpeg-turbo.xcodeproj"; sourceTree = SOURCE_ROOT; };
		2DF399A01BC69C890086A34D /* id3v2lib.xcodeproj */ = {isa = PBXFileReference; lastKnownFileType = "wrapper.pb-project"; name = id3v2lib.xcodeproj; path = ios/id3v2lib/id3v2lib.xcodeproj; sourceTree = SOURCE_ROOT; };
/* End PBXFileReference section */

/* Begin PBXFrameworksBuildPhase section */
		2D0900281B6A6DEB00E89463 /* Frameworks */ = {
			isa = PBXFrameworksBuildPhase;
			buildActionMask = 2147483647;
			files = (
				2D60DBA01B86235E001C431F /* libzxing.a in Frameworks */,
				2D60DB9F1B862357001C431F /* libpng.a in Frameworks */,
				2D60DB9B1B862350001C431F /* libAGAST.a in Frameworks */,
				2D60DB9C1B862350001C431F /* libFAST.a in Frameworks */,
				2D60DB9D1B862350001C431F /* libgiflib.a in Frameworks */,
				2D60DB9E1B862350001C431F /* libjpeg.a in Frameworks */,
			);
			runOnlyForDeploymentPostprocessing = 0;
		};
		2D09FFEE1B6A6D1100E89463 /* Frameworks */ = {
			isa = PBXFrameworksBuildPhase;
			buildActionMask = 2147483647;
			files = (
				2DE350781BD6934F00FF178A /* libjpeg.a in Frameworks */,
				2DE350471BD6482200FF178A /* libzxing.a in Frameworks */,
				2DF399B91BC69E240086A34D /* libid3v2lib.a in Frameworks */,
				2D5CFD581B95CF2D00303A20 /* libFreetype2.a in Frameworks */,
				2D60DCFE1B8DC7D8001C431F /* libVorbis.a in Frameworks */,
				2D60DBA71B862384001C431F /* libModPlug.a in Frameworks */,
				2D60DBA81B862384001C431F /* libOGG.a in Frameworks */,
			);
			runOnlyForDeploymentPostprocessing = 0;
		};
/* End PBXFrameworksBuildPhase section */

/* Begin PBXGroup section */
		2D05E0521C7363A1007710F9 /* Products */ = {
			isa = PBXGroup;
			children = (
				2D05E0681C7363A2007710F9 /* libaac.a */,
			);
			name = Products;
			sourceTree = "<group>";
		};
		2D05E0551C7363A1007710F9 /* Products */ = {
			isa = PBXGroup;
			children = (
			);
			name = Products;
			sourceTree = "<group>";
		};
		2D05E0581C7363A1007710F9 /* Products */ = {
			isa = PBXGroup;
			children = (
				2D05E06F1C7363A2007710F9 /* libmp4v2.a */,
			);
			name = Products;
			sourceTree = "<group>";
		};
		2D05E05B1C7363A1007710F9 /* Products */ = {
			isa = PBXGroup;
			children = (
				2D05E0721C7363A2007710F9 /* libopenH264.a */,
			);
			name = Products;
			sourceTree = "<group>";
		};
		2D05E05E1C7363A1007710F9 /* Products */ = {
			isa = PBXGroup;
			children = (
				2D05E0751C7363A2007710F9 /* libtheora.a */,
			);
			name = Products;
			sourceTree = "<group>";
		};
		2D05E0611C7363A1007710F9 /* Products */ = {
			isa = PBXGroup;
			children = (
				2D05E0791C7363A2007710F9 /* libvpx.a */,
			);
			name = Products;
			sourceTree = "<group>";
		};
		2D05E0641C7363A1007710F9 /* Products */ = {
			isa = PBXGroup;
			children = (
				2D05E07C1C7363A2007710F9 /* libnestegg.a */,
			);
			name = Products;
			sourceTree = "<group>";
		};
		2D0900001B6A6D1100E89463 /* Libraries */ = {
			isa = PBXGroup;
			children = (
				2D05E0511C7363A1007710F9 /* libaac.xcodeproj */,
				2D05E0541C7363A1007710F9 /* libcurl.xcodeproj */,
				2D05E0571C7363A1007710F9 /* libMp4v2.xcodeproj */,
				2D05E05A1C7363A1007710F9 /* libOpenH264.xcodeproj */,
				2D05E05D1C7363A1007710F9 /* libTheora.xcodeproj */,
				2D05E0601C7363A1007710F9 /* libvpx.xcodeproj */,
				2D05E0631C7363A1007710F9 /* nestegg.xcodeproj */,
				2DE34F4B1BCFFA1200FF178A /* libjpeg-turbo.xcodeproj */,
				2DF399A01BC69C890086A34D /* id3v2lib.xcodeproj */,
				2D5CFD3F1B95CF1000303A20 /* freetype2.xcodeproj */,
				2D60DB3C1B861F07001C431F /* AGAST.xcodeproj */,
				2D60DB3F1B861F07001C431F /* FAST.xcodeproj */,
				2D60DB421B861F07001C431F /* giflib.xcodeproj */,
				2D60DB451B861F07001C431F /* jpeg.xcodeproj */,
				2D60DB481B861F07001C431F /* libModPlug.xcodeproj */,
				2D60DB4B1B861F07001C431F /* libogg.xcodeproj */,
				2D60DB4E1B861F07001C431F /* png.xcodeproj */,
				2D60DB511B861F07001C431F /* libTremelo.xcodeproj */,
				2D60DB541B861F07001C431F /* libVorbis.xcodeproj */,
				2D60DB571B861F07001C431F /* zxing.xcodeproj */,
			);
			name = Libraries;
			path = ExternalTests;
			sourceTree = "<group>";
		};
		2D0900011B6A6D1100E89463 /* Supporting Files */ = {
			isa = PBXGroup;
			children = (
				2D0900021B6A6D1100E89463 /* Info.plist */,
			);
			name = "Supporting Files";
			path = ExternalTests;
			sourceTree = "<group>";
		};
		2D09FFE81B6A6D1100E89463 = {
			isa = PBXGroup;
			children = (
				2D60DB391B861EDF001C431F /* External.h */,
				2D60DB3A1B861EDF001C431F /* External.m */,
				2D0900001B6A6D1100E89463 /* Libraries */,
				2D0900011B6A6D1100E89463 /* Supporting Files */,
				2D09FFF21B6A6D1100E89463 /* Products */,
			);
			sourceTree = "<group>";
		};
		2D09FFF21B6A6D1100E89463 /* Products */ = {
			isa = PBXGroup;
			children = (
				2D09FFF11B6A6D1100E89463 /* libexternal-blippar.a */,
				2D09002E1B6A6DEB00E89463 /* libexternal-layar.a */,
			);
			name = Products;
			sourceTree = "<group>";
		};
		2D5CFD401B95CF1000303A20 /* Products */ = {
			isa = PBXGroup;
			children = (
				2D5CFD441B95CF1000303A20 /* libFreetype2.a */,
			);
			name = Products;
			sourceTree = "<group>";
		};
		2D60DB3D1B861F07001C431F /* Products */ = {
			isa = PBXGroup;
			children = (
				2D60DB5C1B861F07001C431F /* libAGAST.a */,
			);
			name = Products;
			sourceTree = "<group>";
		};
		2D60DB401B861F07001C431F /* Products */ = {
			isa = PBXGroup;
			children = (
				2D60DB5F1B861F07001C431F /* libFAST.a */,
			);
			name = Products;
			sourceTree = "<group>";
		};
		2D60DB431B861F07001C431F /* Products */ = {
			isa = PBXGroup;
			children = (
				2D60DB621B861F07001C431F /* libgiflib.a */,
			);
			name = Products;
			sourceTree = "<group>";
		};
		2D60DB461B861F07001C431F /* Products */ = {
			isa = PBXGroup;
			children = (
				2D60DB651B861F07001C431F /* libjpeg.a */,
			);
			name = Products;
			sourceTree = "<group>";
		};
		2D60DB491B861F07001C431F /* Products */ = {
			isa = PBXGroup;
			children = (
				2D60DB681B861F07001C431F /* libModPlug.a */,
			);
			name = Products;
			sourceTree = "<group>";
		};
		2D60DB4C1B861F07001C431F /* Products */ = {
			isa = PBXGroup;
			children = (
				2D60DB6B1B861F07001C431F /* libOGG.a */,
			);
			name = Products;
			sourceTree = "<group>";
		};
		2D60DB4F1B861F07001C431F /* Products */ = {
			isa = PBXGroup;
			children = (
				2D60DB741B861F07001C431F /* libpng.a */,
			);
			name = Products;
			sourceTree = "<group>";
		};
		2D60DB521B861F07001C431F /* Products */ = {
			isa = PBXGroup;
			children = (
				2D60DB6E1B861F07001C431F /* libTremelo.a */,
			);
			name = Products;
			sourceTree = "<group>";
		};
		2D60DB551B861F07001C431F /* Products */ = {
			isa = PBXGroup;
			children = (
				2D60DB711B861F07001C431F /* libVorbis.a */,
			);
			name = Products;
			sourceTree = "<group>";
		};
		2D60DB581B861F07001C431F /* Products */ = {
			isa = PBXGroup;
			children = (
				2D60DB771B861F07001C431F /* libzxing.a */,
			);
			name = Products;
			sourceTree = "<group>";
		};
		2DE34F4C1BCFFA1200FF178A /* Products */ = {
			isa = PBXGroup;
			children = (
			);
			name = Products;
			sourceTree = "<group>";
		};
		2DF399A11BC69C890086A34D /* Products */ = {
			isa = PBXGroup;
			children = (
				2DF399A51BC69C890086A34D /* libid3v2lib.a */,
			);
			name = Products;
			sourceTree = "<group>";
		};
/* End PBXGroup section */

/* Begin PBXNativeTarget section */
		2D0900251B6A6DEB00E89463 /* external-layar */ = {
			isa = PBXNativeTarget;
			buildConfigurationList = 2D09002B1B6A6DEB00E89463 /* Build configuration list for PBXNativeTarget "external-layar" */;
			buildPhases = (
				2D0900261B6A6DEB00E89463 /* Sources */,
				2D0900281B6A6DEB00E89463 /* Frameworks */,
				2D0900291B6A6DEB00E89463 /* CopyFiles */,
			);
			buildRules = (
			);
			dependencies = (
				2D60DB791B861F47001C431F /* PBXTargetDependency */,
				2D60DB7B1B861F47001C431F /* PBXTargetDependency */,
				2D60DB7D1B861F47001C431F /* PBXTargetDependency */,
				2D60DB7F1B861F47001C431F /* PBXTargetDependency */,
				2D60DB811B861F47001C431F /* PBXTargetDependency */,
				2D60DB831B861F47001C431F /* PBXTargetDependency */,
			);
			name = "external-layar";
			productName = External;
			productReference = 2D09002E1B6A6DEB00E89463 /* libexternal-layar.a */;
			productType = "com.apple.product-type.library.static";
		};
		2D09FFF01B6A6D1100E89463 /* external-blippar */ = {
			isa = PBXNativeTarget;
			buildConfigurationList = 2D0900051B6A6D1100E89463 /* Build configuration list for PBXNativeTarget "external-blippar" */;
			buildPhases = (
				2D09FFED1B6A6D1100E89463 /* Sources */,
				2D09FFEE1B6A6D1100E89463 /* Frameworks */,
				2D09FFEF1B6A6D1100E89463 /* CopyFiles */,
			);
			buildRules = (
			);
			dependencies = (
				2DE350771BD6934300FF178A /* PBXTargetDependency */,
				2DE3504A1BD6482A00FF178A /* PBXTargetDependency */,
				2DF399B81BC69CEC0086A34D /* PBXTargetDependency */,
				2D5CFD551B95CF2300303A20 /* PBXTargetDependency */,
				2D60DCFD1B8DC7C0001C431F /* PBXTargetDependency */,
				2D60DBA21B86236F001C431F /* PBXTargetDependency */,
				2D60DBA41B86236F001C431F /* PBXTargetDependency */,
				2D581AC31C7B4B3200DD46CB /* PBXTargetDependency */,
			);
			name = "external-blippar";
			productName = External;
			productReference = 2D09FFF11B6A6D1100E89463 /* libexternal-blippar.a */;
			productType = "com.apple.product-type.library.static";
		};
/* End PBXNativeTarget section */

/* Begin PBXProject section */
		2D09FFE91B6A6D1100E89463 /* Project object */ = {
			isa = PBXProject;
			attributes = {
				LastUpgradeCheck = 0720;
				ORGANIZATIONNAME = Blippar;
				TargetAttributes = {
					2D09FFF01B6A6D1100E89463 = {
						CreatedOnToolsVersion = 6.4;
					};
				};
			};
			buildConfigurationList = 2D09FFEC1B6A6D1100E89463 /* Build configuration list for PBXProject "External" */;
			compatibilityVersion = "Xcode 3.2";
			developmentRegion = English;
			hasScannedForEncodings = 0;
			knownRegions = (
				en,
			);
			mainGroup = 2D09FFE81B6A6D1100E89463;
			productRefGroup = 2D09FFF21B6A6D1100E89463 /* Products */;
			projectDirPath = "";
			projectReferences = (
				{
					ProductGroup = 2D60DB3D1B861F07001C431F /* Products */;
					ProjectRef = 2D60DB3C1B861F07001C431F /* AGAST.xcodeproj */;
				},
				{
					ProductGroup = 2D60DB401B861F07001C431F /* Products */;
					ProjectRef = 2D60DB3F1B861F07001C431F /* FAST.xcodeproj */;
				},
				{
					ProductGroup = 2D5CFD401B95CF1000303A20 /* Products */;
					ProjectRef = 2D5CFD3F1B95CF1000303A20 /* freetype2.xcodeproj */;
				},
				{
					ProductGroup = 2D60DB431B861F07001C431F /* Products */;
					ProjectRef = 2D60DB421B861F07001C431F /* giflib.xcodeproj */;
				},
				{
					ProductGroup = 2DF399A11BC69C890086A34D /* Products */;
					ProjectRef = 2DF399A01BC69C890086A34D /* id3v2lib.xcodeproj */;
				},
				{
					ProductGroup = 2D60DB461B861F07001C431F /* Products */;
					ProjectRef = 2D60DB451B861F07001C431F /* jpeg.xcodeproj */;
				},
				{
					ProductGroup = 2D05E0521C7363A1007710F9 /* Products */;
					ProjectRef = 2D05E0511C7363A1007710F9 /* libaac.xcodeproj */;
				},
				{
					ProductGroup = 2D05E0551C7363A1007710F9 /* Products */;
					ProjectRef = 2D05E0541C7363A1007710F9 /* libcurl.xcodeproj */;
				},
				{
					ProductGroup = 2DE34F4C1BCFFA1200FF178A /* Products */;
					ProjectRef = 2DE34F4B1BCFFA1200FF178A /* libjpeg-turbo.xcodeproj */;
				},
				{
					ProductGroup = 2D60DB491B861F07001C431F /* Products */;
					ProjectRef = 2D60DB481B861F07001C431F /* libModPlug.xcodeproj */;
				},
				{
					ProductGroup = 2D05E0581C7363A1007710F9 /* Products */;
					ProjectRef = 2D05E0571C7363A1007710F9 /* libMp4v2.xcodeproj */;
				},
				{
					ProductGroup = 2D60DB4C1B861F07001C431F /* Products */;
					ProjectRef = 2D60DB4B1B861F07001C431F /* libogg.xcodeproj */;
				},
				{
					ProductGroup = 2D05E05B1C7363A1007710F9 /* Products */;
					ProjectRef = 2D05E05A1C7363A1007710F9 /* libOpenH264.xcodeproj */;
				},
				{
					ProductGroup = 2D05E05E1C7363A1007710F9 /* Products */;
					ProjectRef = 2D05E05D1C7363A1007710F9 /* libTheora.xcodeproj */;
				},
				{
					ProductGroup = 2D60DB521B861F07001C431F /* Products */;
					ProjectRef = 2D60DB511B861F07001C431F /* libTremelo.xcodeproj */;
				},
				{
					ProductGroup = 2D60DB551B861F07001C431F /* Products */;
					ProjectRef = 2D60DB541B861F07001C431F /* libVorbis.xcodeproj */;
				},
				{
					ProductGroup = 2D05E0611C7363A1007710F9 /* Products */;
					ProjectRef = 2D05E0601C7363A1007710F9 /* libvpx.xcodeproj */;
				},
				{
					ProductGroup = 2D05E0641C7363A1007710F9 /* Products */;
					ProjectRef = 2D05E0631C7363A1007710F9 /* nestegg.xcodeproj */;
				},
				{
					ProductGroup = 2D60DB4F1B861F07001C431F /* Products */;
					ProjectRef = 2D60DB4E1B861F07001C431F /* png.xcodeproj */;
				},
				{
					ProductGroup = 2D60DB581B861F07001C431F /* Products */;
					ProjectRef = 2D60DB571B861F07001C431F /* zxing.xcodeproj */;
				},
			);
			projectRoot = "";
			targets = (
				2D09FFF01B6A6D1100E89463 /* external-blippar */,
				2D0900251B6A6DEB00E89463 /* external-layar */,
			);
		};
/* End PBXProject section */

/* Begin PBXReferenceProxy section */
		2D05E0681C7363A2007710F9 /* libaac.a */ = {
			isa = PBXReferenceProxy;
			fileType = archive.ar;
			path = libaac.a;
			remoteRef = 2D05E0671C7363A2007710F9 /* PBXContainerItemProxy */;
			sourceTree = BUILT_PRODUCTS_DIR;
		};
		2D05E06F1C7363A2007710F9 /* libmp4v2.a */ = {
			isa = PBXReferenceProxy;
			fileType = archive.ar;
			path = libmp4v2.a;
			remoteRef = 2D05E06E1C7363A2007710F9 /* PBXContainerItemProxy */;
			sourceTree = BUILT_PRODUCTS_DIR;
		};
		2D05E0721C7363A2007710F9 /* libopenH264.a */ = {
			isa = PBXReferenceProxy;
			fileType = archive.ar;
			path = libopenH264.a;
			remoteRef = 2D05E0711C7363A2007710F9 /* PBXContainerItemProxy */;
			sourceTree = BUILT_PRODUCTS_DIR;
		};
		2D05E0751C7363A2007710F9 /* libtheora.a */ = {
			isa = PBXReferenceProxy;
			fileType = archive.ar;
			path = libtheora.a;
			remoteRef = 2D05E0741C7363A2007710F9 /* PBXContainerItemProxy */;
			sourceTree = BUILT_PRODUCTS_DIR;
		};
		2D05E0791C7363A2007710F9 /* libvpx.a */ = {
			isa = PBXReferenceProxy;
			fileType = archive.ar;
			path = libvpx.a;
			remoteRef = 2D05E0781C7363A2007710F9 /* PBXContainerItemProxy */;
			sourceTree = BUILT_PRODUCTS_DIR;
		};
		2D05E07C1C7363A2007710F9 /* libnestegg.a */ = {
			isa = PBXReferenceProxy;
			fileType = archive.ar;
			path = libnestegg.a;
			remoteRef = 2D05E07B1C7363A2007710F9 /* PBXContainerItemProxy */;
			sourceTree = BUILT_PRODUCTS_DIR;
		};
		2D5CFD441B95CF1000303A20 /* libFreetype2.a */ = {
			isa = PBXReferenceProxy;
			fileType = archive.ar;
			path = libFreetype2.a;
			remoteRef = 2D5CFD431B95CF1000303A20 /* PBXContainerItemProxy */;
			sourceTree = BUILT_PRODUCTS_DIR;
		};
		2D60DB5C1B861F07001C431F /* libAGAST.a */ = {
			isa = PBXReferenceProxy;
			fileType = archive.ar;
			path = libAGAST.a;
			remoteRef = 2D60DB5B1B861F07001C431F /* PBXContainerItemProxy */;
			sourceTree = BUILT_PRODUCTS_DIR;
		};
		2D60DB5F1B861F07001C431F /* libFAST.a */ = {
			isa = PBXReferenceProxy;
			fileType = archive.ar;
			path = libFAST.a;
			remoteRef = 2D60DB5E1B861F07001C431F /* PBXContainerItemProxy */;
			sourceTree = BUILT_PRODUCTS_DIR;
		};
		2D60DB621B861F07001C431F /* libgiflib.a */ = {
			isa = PBXReferenceProxy;
			fileType = archive.ar;
			path = libgiflib.a;
			remoteRef = 2D60DB611B861F07001C431F /* PBXContainerItemProxy */;
			sourceTree = BUILT_PRODUCTS_DIR;
		};
		2D60DB651B861F07001C431F /* libjpeg.a */ = {
			isa = PBXReferenceProxy;
			fileType = archive.ar;
			path = libjpeg.a;
			remoteRef = 2D60DB641B861F07001C431F /* PBXContainerItemProxy */;
			sourceTree = BUILT_PRODUCTS_DIR;
		};
		2D60DB681B861F07001C431F /* libModPlug.a */ = {
			isa = PBXReferenceProxy;
			fileType = archive.ar;
			path = libModPlug.a;
			remoteRef = 2D60DB671B861F07001C431F /* PBXContainerItemProxy */;
			sourceTree = BUILT_PRODUCTS_DIR;
		};
		2D60DB6B1B861F07001C431F /* libOGG.a */ = {
			isa = PBXReferenceProxy;
			fileType = archive.ar;
			path = libOGG.a;
			remoteRef = 2D60DB6A1B861F07001C431F /* PBXContainerItemProxy */;
			sourceTree = BUILT_PRODUCTS_DIR;
		};
		2D60DB6E1B861F07001C431F /* libTremelo.a */ = {
			isa = PBXReferenceProxy;
			fileType = archive.ar;
			path = libTremelo.a;
			remoteRef = 2D60DB6D1B861F07001C431F /* PBXContainerItemProxy */;
			sourceTree = BUILT_PRODUCTS_DIR;
		};
		2D60DB711B861F07001C431F /* libVorbis.a */ = {
			isa = PBXReferenceProxy;
			fileType = archive.ar;
			path = libVorbis.a;
			remoteRef = 2D60DB701B861F07001C431F /* PBXContainerItemProxy */;
			sourceTree = BUILT_PRODUCTS_DIR;
		};
		2D60DB741B861F07001C431F /* libpng.a */ = {
			isa = PBXReferenceProxy;
			fileType = archive.ar;
			path = libpng.a;
			remoteRef = 2D60DB731B861F07001C431F /* PBXContainerItemProxy */;
			sourceTree = BUILT_PRODUCTS_DIR;
		};
		2D60DB771B861F07001C431F /* libzxing.a */ = {
			isa = PBXReferenceProxy;
			fileType = archive.ar;
			path = libzxing.a;
			remoteRef = 2D60DB761B861F07001C431F /* PBXContainerItemProxy */;
			sourceTree = BUILT_PRODUCTS_DIR;
		};
		2DF399A51BC69C890086A34D /* libid3v2lib.a */ = {
			isa = PBXReferenceProxy;
			fileType = archive.ar;
			path = libid3v2lib.a;
			remoteRef = 2DF399A41BC69C890086A34D /* PBXContainerItemProxy */;
			sourceTree = BUILT_PRODUCTS_DIR;
		};
/* End PBXReferenceProxy section */

/* Begin PBXSourcesBuildPhase section */
		2D0900261B6A6DEB00E89463 /* Sources */ = {
			isa = PBXSourcesBuildPhase;
			buildActionMask = 2147483647;
			files = (
				2D60DB9A1B862344001C431F /* External.m in Sources */,
			);
			runOnlyForDeploymentPostprocessing = 0;
		};
		2D09FFED1B6A6D1100E89463 /* Sources */ = {
			isa = PBXSourcesBuildPhase;
			buildActionMask = 2147483647;
			files = (
				2D60DB3B1B861EDF001C431F /* External.m in Sources */,
			);
			runOnlyForDeploymentPostprocessing = 0;
		};
/* End PBXSourcesBuildPhase section */

/* Begin PBXTargetDependency section */
		2D581AC31C7B4B3200DD46CB /* PBXTargetDependency */ = {
			isa = PBXTargetDependency;
			name = libcurl;
			targetProxy = 2D581AC21C7B4B3200DD46CB /* PBXContainerItemProxy */;
		};
		2D5CFD551B95CF2300303A20 /* PBXTargetDependency */ = {
			isa = PBXTargetDependency;
			name = Freetype2;
			targetProxy = 2D5CFD541B95CF2300303A20 /* PBXContainerItemProxy */;
		};
		2D60DB791B861F47001C431F /* PBXTargetDependency */ = {
			isa = PBXTargetDependency;
			name = AGAST;
			targetProxy = 2D60DB781B861F47001C431F /* PBXContainerItemProxy */;
		};
		2D60DB7B1B861F47001C431F /* PBXTargetDependency */ = {
			isa = PBXTargetDependency;
			name = FAST;
			targetProxy = 2D60DB7A1B861F47001C431F /* PBXContainerItemProxy */;
		};
		2D60DB7D1B861F47001C431F /* PBXTargetDependency */ = {
			isa = PBXTargetDependency;
			name = giflib;
			targetProxy = 2D60DB7C1B861F47001C431F /* PBXContainerItemProxy */;
		};
		2D60DB7F1B861F47001C431F /* PBXTargetDependency */ = {
			isa = PBXTargetDependency;
			name = jpeg;
			targetProxy = 2D60DB7E1B861F47001C431F /* PBXContainerItemProxy */;
		};
		2D60DB811B861F47001C431F /* PBXTargetDependency */ = {
			isa = PBXTargetDependency;
			name = png;
			targetProxy = 2D60DB801B861F47001C431F /* PBXContainerItemProxy */;
		};
		2D60DB831B861F47001C431F /* PBXTargetDependency */ = {
			isa = PBXTargetDependency;
			name = zxing;
			targetProxy = 2D60DB821B861F47001C431F /* PBXContainerItemProxy */;
		};
		2D60DBA21B86236F001C431F /* PBXTargetDependency */ = {
			isa = PBXTargetDependency;
			name = ModPlug;
			targetProxy = 2D60DBA11B86236F001C431F /* PBXContainerItemProxy */;
		};
		2D60DBA41B86236F001C431F /* PBXTargetDependency */ = {
			isa = PBXTargetDependency;
			name = OGG;
			targetProxy = 2D60DBA31B86236F001C431F /* PBXContainerItemProxy */;
		};
		2D60DCFD1B8DC7C0001C431F /* PBXTargetDependency */ = {
			isa = PBXTargetDependency;
			name = Vorbis;
			targetProxy = 2D60DCFC1B8DC7C0001C431F /* PBXContainerItemProxy */;
		};
		2DE3504A1BD6482A00FF178A /* PBXTargetDependency */ = {
			isa = PBXTargetDependency;
			name = zxing;
			targetProxy = 2DE350491BD6482A00FF178A /* PBXContainerItemProxy */;
		};
		2DE350771BD6934300FF178A /* PBXTargetDependency */ = {
			isa = PBXTargetDependency;
			name = jpeg;
			targetProxy = 2DE350761BD6934300FF178A /* PBXContainerItemProxy */;
		};
		2DF399B81BC69CEC0086A34D /* PBXTargetDependency */ = {
			isa = PBXTargetDependency;
			name = id3v2lib;
			targetProxy = 2DF399B71BC69CEC0086A34D /* PBXContainerItemProxy */;
		};
/* End PBXTargetDependency section */

/* Begin XCBuildConfiguration section */
		2D0900031B6A6D1100E89463 /* Debug */ = {
			isa = XCBuildConfiguration;
			buildSettings = {
				ALWAYS_SEARCH_USER_PATHS = NO;
				CLANG_CXX_LANGUAGE_STANDARD = "gnu++0x";
				CLANG_CXX_LIBRARY = "libc++";
				CLANG_ENABLE_MODULES = YES;
				CLANG_ENABLE_OBJC_ARC = YES;
				CLANG_WARN_BOOL_CONVERSION = YES;
				CLANG_WARN_CONSTANT_CONVERSION = YES;
				CLANG_WARN_DIRECT_OBJC_ISA_USAGE = YES_ERROR;
				CLANG_WARN_EMPTY_BODY = YES;
				CLANG_WARN_ENUM_CONVERSION = YES;
				CLANG_WARN_INT_CONVERSION = YES;
				CLANG_WARN_OBJC_ROOT_CLASS = YES_ERROR;
				CLANG_WARN_UNREACHABLE_CODE = YES;
				CLANG_WARN__DUPLICATE_METHOD_MATCH = YES;
				COPY_PHASE_STRIP = NO;
				DEBUG_INFORMATION_FORMAT = "dwarf-with-dsym";
				ENABLE_STRICT_OBJC_MSGSEND = YES;
				ENABLE_TESTABILITY = YES;
				GCC_C_LANGUAGE_STANDARD = gnu99;
				GCC_DYNAMIC_NO_PIC = NO;
				GCC_NO_COMMON_BLOCKS = YES;
				GCC_OPTIMIZATION_LEVEL = 0;
				GCC_PREPROCESSOR_DEFINITIONS = (
					"DEBUG=1",
					"$(inherited)",
				);
				GCC_SYMBOLS_PRIVATE_EXTERN = NO;
				GCC_WARN_64_TO_32_BIT_CONVERSION = NO;
				GCC_WARN_ABOUT_RETURN_TYPE = YES_ERROR;
				GCC_WARN_UNDECLARED_SELECTOR = YES;
				GCC_WARN_UNINITIALIZED_AUTOS = YES_AGGRESSIVE;
				GCC_WARN_UNUSED_FUNCTION = NO;
				GCC_WARN_UNUSED_VARIABLE = NO;
				IPHONEOS_DEPLOYMENT_TARGET = 6.0;
				MTL_ENABLE_DEBUG_INFO = YES;
				SDKROOT = iphoneos;
			};
			name = Debug;
		};
		2D0900041B6A6D1100E89463 /* Release */ = {
			isa = XCBuildConfiguration;
			buildSettings = {
				ALWAYS_SEARCH_USER_PATHS = NO;
				CLANG_CXX_LANGUAGE_STANDARD = "gnu++0x";
				CLANG_CXX_LIBRARY = "libc++";
				CLANG_ENABLE_MODULES = YES;
				CLANG_ENABLE_OBJC_ARC = YES;
				CLANG_WARN_BOOL_CONVERSION = YES;
				CLANG_WARN_CONSTANT_CONVERSION = YES;
				CLANG_WARN_DIRECT_OBJC_ISA_USAGE = YES_ERROR;
				CLANG_WARN_EMPTY_BODY = YES;
				CLANG_WARN_ENUM_CONVERSION = YES;
				CLANG_WARN_INT_CONVERSION = YES;
				CLANG_WARN_OBJC_ROOT_CLASS = YES_ERROR;
				CLANG_WARN_UNREACHABLE_CODE = YES;
				CLANG_WARN__DUPLICATE_METHOD_MATCH = YES;
				COPY_PHASE_STRIP = NO;
				DEBUG_INFORMATION_FORMAT = "dwarf-with-dsym";
				ENABLE_NS_ASSERTIONS = NO;
				ENABLE_STRICT_OBJC_MSGSEND = YES;
				GCC_C_LANGUAGE_STANDARD = gnu99;
				GCC_NO_COMMON_BLOCKS = YES;
				GCC_WARN_64_TO_32_BIT_CONVERSION = NO;
				GCC_WARN_ABOUT_RETURN_TYPE = YES_ERROR;
				GCC_WARN_UNDECLARED_SELECTOR = YES;
				GCC_WARN_UNINITIALIZED_AUTOS = YES_AGGRESSIVE;
				GCC_WARN_UNUSED_FUNCTION = NO;
				GCC_WARN_UNUSED_VARIABLE = NO;
				IPHONEOS_DEPLOYMENT_TARGET = 6.0;
				MTL_ENABLE_DEBUG_INFO = NO;
				SDKROOT = iphoneos;
				VALIDATE_PRODUCT = YES;
			};
			name = Release;
		};
		2D0900061B6A6D1100E89463 /* Debug */ = {
			isa = XCBuildConfiguration;
			buildSettings = {
				GCC_WARN_UNUSED_VALUE = NO;
				OTHER_LIBTOOLFLAGS = "\"$CONFIGURATION_BUILD_DIR/libcurl.a\"";
				PRODUCT_NAME = "external-blippar";
				SKIP_INSTALL = YES;
			};
			name = Debug;
		};
		2D0900071B6A6D1100E89463 /* Release */ = {
			isa = XCBuildConfiguration;
			buildSettings = {
				GCC_WARN_UNUSED_VALUE = NO;
				OTHER_LIBTOOLFLAGS = "\"$CONFIGURATION_BUILD_DIR/libcurl.a\"";
				PRODUCT_NAME = "external-blippar";
				SKIP_INSTALL = YES;
			};
			name = Release;
		};
		2D09002C1B6A6DEB00E89463 /* Debug */ = {
			isa = XCBuildConfiguration;
			buildSettings = {
				PRODUCT_NAME = "$(TARGET_NAME)";
				SKIP_INSTALL = YES;
			};
			name = Debug;
		};
		2D09002D1B6A6DEB00E89463 /* Release */ = {
			isa = XCBuildConfiguration;
			buildSettings = {
				PRODUCT_NAME = "$(TARGET_NAME)";
				SKIP_INSTALL = YES;
			};
			name = Release;
		};
		2D10B8111BA17DB600C7D855 /* Distribution */ = {
			isa = XCBuildConfiguration;
			buildSettings = {
				ALWAYS_SEARCH_USER_PATHS = NO;
				CLANG_CXX_LANGUAGE_STANDARD = "gnu++0x";
				CLANG_CXX_LIBRARY = "libc++";
				CLANG_ENABLE_MODULES = YES;
				CLANG_ENABLE_OBJC_ARC = YES;
				CLANG_WARN_BOOL_CONVERSION = YES;
				CLANG_WARN_CONSTANT_CONVERSION = YES;
				CLANG_WARN_DIRECT_OBJC_ISA_USAGE = YES_ERROR;
				CLANG_WARN_EMPTY_BODY = YES;
				CLANG_WARN_ENUM_CONVERSION = YES;
				CLANG_WARN_INT_CONVERSION = YES;
				CLANG_WARN_OBJC_ROOT_CLASS = YES_ERROR;
				CLANG_WARN_UNREACHABLE_CODE = YES;
				CLANG_WARN__DUPLICATE_METHOD_MATCH = YES;
				COPY_PHASE_STRIP = NO;
				DEBUG_INFORMATION_FORMAT = "dwarf-with-dsym";
				ENABLE_NS_ASSERTIONS = NO;
				ENABLE_STRICT_OBJC_MSGSEND = YES;
				GCC_C_LANGUAGE_STANDARD = gnu99;
				GCC_NO_COMMON_BLOCKS = YES;
				GCC_WARN_64_TO_32_BIT_CONVERSION = NO;
				GCC_WARN_ABOUT_RETURN_TYPE = YES_ERROR;
				GCC_WARN_UNDECLARED_SELECTOR = YES;
				GCC_WARN_UNINITIALIZED_AUTOS = YES_AGGRESSIVE;
				GCC_WARN_UNUSED_FUNCTION = NO;
				GCC_WARN_UNUSED_VARIABLE = NO;
				IPHONEOS_DEPLOYMENT_TARGET = 6.0;
				MTL_ENABLE_DEBUG_INFO = NO;
				SDKROOT = iphoneos;
				VALIDATE_PRODUCT = YES;
			};
			name = Distribution;
		};
		2D10B8121BA17DB600C7D855 /* Distribution */ = {
			isa = XCBuildConfiguration;
			buildSettings = {
				GCC_WARN_UNUSED_VALUE = NO;
				OTHER_LIBTOOLFLAGS = "\"$CONFIGURATION_BUILD_DIR/libcurl.a\"";
				PRODUCT_NAME = "external-blippar";
				SKIP_INSTALL = YES;
			};
			name = Distribution;
		};
		2D10B8131BA17DB600C7D855 /* Distribution */ = {
			isa = XCBuildConfiguration;
			buildSettings = {
				PRODUCT_NAME = "$(TARGET_NAME)";
				SKIP_INSTALL = YES;
			};
			name = Distribution;
		};
/* End XCBuildConfiguration section */

/* Begin XCConfigurationList section */
		2D0900051B6A6D1100E89463 /* Build configuration list for PBXNativeTarget "external-blippar" */ = {
			isa = XCConfigurationList;
			buildConfigurations = (
				2D0900061B6A6D1100E89463 /* Debug */,
				2D0900071B6A6D1100E89463 /* Release */,
				2D10B8121BA17DB600C7D855 /* Distribution */,
			);
			defaultConfigurationIsVisible = 0;
			defaultConfigurationName = Release;
		};
		2D09002B1B6A6DEB00E89463 /* Build configuration list for PBXNativeTarget "external-layar" */ = {
			isa = XCConfigurationList;
			buildConfigurations = (
				2D09002C1B6A6DEB00E89463 /* Debug */,
				2D09002D1B6A6DEB00E89463 /* Release */,
				2D10B8131BA17DB600C7D855 /* Distribution */,
			);
			defaultConfigurationIsVisible = 0;
			defaultConfigurationName = Release;
		};
		2D09FFEC1B6A6D1100E89463 /* Build configuration list for PBXProject "External" */ = {
			isa = XCConfigurationList;
			buildConfigurations = (
				2D0900031B6A6D1100E89463 /* Debug */,
				2D0900041B6A6D1100E89463 /* Release */,
				2D10B8111BA17DB600C7D855 /* Distribution */,
			);
			defaultConfigurationIsVisible = 0;
			defaultConfigurationName = Release;
		};
/* End XCConfigurationList section */
	};
	rootObject = 2D09FFE91B6A6D1100E89463 /* Project object */;
}
